
Microsoft Visual Studio Solution File, Format Version 12.00
# Visual Studio Version 17
VisualStudioVersion = 17.8.34525.116
MinimumVisualStudioVersion = 10.0.40219.1
Project("{FAE04EC0-301F-11D3-BF4B-00C04F79EFBC}") = "IMDBFinalProject", "IMDBFinalProject\IMDBFinalProject.csproj", "{A73628AE-9780-4451-9F8B-443B9F0076E5}"
EndProject
Global
	GlobalSection(SolutionConfigurationPlatforms) = preSolution
		Debug|Any CPU = Debug|Any CPU
		Release|Any CPU = Release|Any CPU
	EndGlobalSection
	GlobalSection(ProjectConfigurationPlatforms) = postSolution
		{A73628AE-9780-4451-9F8B-443B9F0076E5}.Debug|Any CPU.ActiveCfg = Debug|Any CPU
		{A73628AE-9780-4451-9F8B-443B9F0076E5}.Debug|Any CPU.Build.0 = Debug|Any CPU
		{A73628AE-9780-4451-9F8B-443B9F0076E5}.Release|Any CPU.ActiveCfg = Release|Any CPU
		{A73628AE-9780-4451-9F8B-443B9F0076E5}.Release|Any CPU.Build.0 = Release|Any CPU
	EndGlobalSection
	GlobalSection(SolutionProperties) = preSolution
		HideSolutionNode = FALSE
	EndGlobalSection
	GlobalSection(ExtensibilityGlobals) = postSolution
		SolutionGuid = {2866F826-02F9-4272-8ECE-8D23ABA58264}
	EndGlobalSection
EndGlobal
