
Microsoft Visual Studio Solution File, Format Version 12.00
# Visual Studio Version 17
VisualStudioVersion = 17.8.34525.116
MinimumVisualStudioVersion = 10.0.40219.1
Project("{FAE04EC0-301F-11D3-BF4B-00C04F79EFBC}") = "Basic Delegates", "Basic Delegates\Basic Delegates.csproj", "{3E89BBF5-FE5A-47BF-BB99-78577E45BA20}"
EndProject
Global
	GlobalSection(SolutionConfigurationPlatforms) = preSolution
		Debug|Any CPU = Debug|Any CPU
		Release|Any CPU = Release|Any CPU
	EndGlobalSection
	GlobalSection(ProjectConfigurationPlatforms) = postSolution
		{3E89BBF5-FE5A-47BF-BB99-78577E45BA20}.Debug|Any CPU.ActiveCfg = Debug|Any CPU
		{3E89BBF5-FE5A-47BF-BB99-78577E45BA20}.Debug|Any CPU.Build.0 = Debug|Any CPU
		{3E89BBF5-FE5A-47BF-BB99-78577E45BA20}.Release|Any CPU.ActiveCfg = Release|Any CPU
		{3E89BBF5-FE5A-47BF-BB99-78577E45BA20}.Release|Any CPU.Build.0 = Release|Any CPU
	EndGlobalSection
	GlobalSection(SolutionProperties) = preSolution
		HideSolutionNode = FALSE
	EndGlobalSection
	GlobalSection(ExtensibilityGlobals) = postSolution
		SolutionGuid = {16E0FC9D-8E88-4D88-9118-0D0377409031}
	EndGlobalSection
EndGlobal
