
Microsoft Visual Studio Solution File, Format Version 12.00
# Visual Studio Version 17
VisualStudioVersion = 17.7.34202.233
MinimumVisualStudioVersion = 10.0.40219.1
Project("{FAE04EC0-301F-11D3-BF4B-00C04F79EFBC}") = "Calculator_TrivialApp", "Calculator_TrivialApp\Calculator_TrivialApp.csproj", "{BD6F2FD1-702E-4AD9-BEE1-D4782BD5512A}"
EndProject
Global
	GlobalSection(SolutionConfigurationPlatforms) = preSolution
		Debug|Any CPU = Debug|Any CPU
		Release|Any CPU = Release|Any CPU
	EndGlobalSection
	GlobalSection(ProjectConfigurationPlatforms) = postSolution
		{BD6F2FD1-702E-4AD9-BEE1-D4782BD5512A}.Debug|Any CPU.ActiveCfg = Debug|Any CPU
		{BD6F2FD1-702E-4AD9-BEE1-D4782BD5512A}.Debug|Any CPU.Build.0 = Debug|Any CPU
		{BD6F2FD1-702E-4AD9-BEE1-D4782BD5512A}.Release|Any CPU.ActiveCfg = Release|Any CPU
		{BD6F2FD1-702E-4AD9-BEE1-D4782BD5512A}.Release|Any CPU.Build.0 = Release|Any CPU
	EndGlobalSection
	GlobalSection(SolutionProperties) = preSolution
		HideSolutionNode = FALSE
	EndGlobalSection
	GlobalSection(ExtensibilityGlobals) = postSolution
		SolutionGuid = {7B2FC15C-93D8-4C89-97E0-9C52D47A53D0}
	EndGlobalSection
EndGlobal
